// !$*UTF8*$!
{
	archiveVersion = 1;
	classes = {
	};
	objectVersion = 46;
	objects = {

/* Begin PBXBuildFile section */
		11A5EF8A1964070E00884A0E /* Foundation.framework in Frameworks */ = {isa = PBXBuildFile; fileRef = 11A5EF891964070E00884A0E /* Foundation.framework */; };
		11A5EF8C1964070E00884A0E /* CoreGraphics.framework in Frameworks */ = {isa = PBXBuildFile; fileRef = 11A5EF8B1964070E00884A0E /* CoreGraphics.framework */; };
		11A5EF8E1964070E00884A0E /* UIKit.framework in Frameworks */ = {isa = PBXBuildFile; fileRef = 11A5EF8D1964070E00884A0E /* UIKit.framework */; };
		11A5EF941964070E00884A0E /* InfoPlist.strings in Resources */ = {isa = PBXBuildFile; fileRef = 11A5EF921964070E00884A0E /* InfoPlist.strings */; };
		11A5EF961964070E00884A0E /* main.m in Sources */ = {isa = PBXBuildFile; fileRef = 11A5EF951964070E00884A0E /* main.m */; };
		11A5EF9A1964070E00884A0E /* ThesisAppDelegate.m in Sources */ = {isa = PBXBuildFile; fileRef = 11A5EF991964070E00884A0E /* ThesisAppDelegate.m */; };
		11A5EF9D1964070E00884A0E /* Main.storyboard in Resources */ = {isa = PBXBuildFile; fileRef = 11A5EF9B1964070E00884A0E /* Main.storyboard */; };
		11A5EFA01964070E00884A0E /* ThesisViewController.m in Sources */ = {isa = PBXBuildFile; fileRef = 11A5EF9F1964070E00884A0E /* ThesisViewController.m */; };
		11A5EFA21964070E00884A0E /* Images.xcassets in Resources */ = {isa = PBXBuildFile; fileRef = 11A5EFA11964070E00884A0E /* Images.xcassets */; };
		11A5EFA91964070E00884A0E /* XCTest.framework in Frameworks */ = {isa = PBXBuildFile; fileRef = 11A5EFA81964070E00884A0E /* XCTest.framework */; };
		11A5EFAA1964070E00884A0E /* Foundation.framework in Frameworks */ = {isa = PBXBuildFile; fileRef = 11A5EF891964070E00884A0E /* Foundation.framework */; };
		11A5EFAB1964070E00884A0E /* UIKit.framework in Frameworks */ = {isa = PBXBuildFile; fileRef = 11A5EF8D1964070E00884A0E /* UIKit.framework */; };
		11A5EFB31964070E00884A0E /* InfoPlist.strings in Resources */ = {isa = PBXBuildFile; fileRef = 11A5EFB11964070E00884A0E /* InfoPlist.strings */; };
		11A5EFB51964070E00884A0E /* FibonacciTests.m in Sources */ = {isa = PBXBuildFile; fileRef = 11A5EFB41964070E00884A0E /* FibonacciTests.m */; };
/* End PBXBuildFile section */

/* Begin PBXContainerItemProxy section */
		11A5EFAC1964070E00884A0E /* PBXContainerItemProxy */ = {
			isa = PBXContainerItemProxy;
			containerPortal = 11A5EF7E1964070E00884A0E /* Project object */;
			proxyType = 1;
			remoteGlobalIDString = 11A5EF851964070E00884A0E;
			remoteInfo = Fibonacci;
		};
/* End PBXContainerItemProxy section */

/* Begin PBXFileReference section */
		11A5EF861964070E00884A0E /* Fibonacci.app */ = {isa = PBXFileReference; explicitFileType = wrapper.application; includeInIndex = 0; path = Fibonacci.app; sourceTree = BUILT_PRODUCTS_DIR; };
		11A5EF891964070E00884A0E /* Foundation.framework */ = {isa = PBXFileReference; lastKnownFileType = wrapper.framework; name = Foundation.framework; path = System/Library/Frameworks/Foundation.framework; sourceTree = SDKROOT; };
		11A5EF8B1964070E00884A0E /* CoreGraphics.framework */ = {isa = PBXFileReference; lastKnownFileType = wrapper.framework; name = CoreGraphics.framework; path = System/Library/Frameworks/CoreGraphics.framework; sourceTree = SDKROOT; };
		11A5EF8D1964070E00884A0E /* UIKit.framework */ = {isa = PBXFileReference; lastKnownFileType = wrapper.framework; name = UIKit.framework; path = System/Library/Frameworks/UIKit.framework; sourceTree = SDKROOT; };
		11A5EF911964070E00884A0E /* Fibonacci-Info.plist */ = {isa = PBXFileReference; lastKnownFileType = text.plist.xml; path = "Fibonacci-Info.plist"; sourceTree = "<group>"; };
		11A5EF931964070E00884A0E /* en */ = {isa = PBXFileReference; lastKnownFileType = text.plist.strings; name = en; path = en.lproj/InfoPlist.strings; sourceTree = "<group>"; };
		11A5EF951964070E00884A0E /* main.m */ = {isa = PBXFileReference; lastKnownFileType = sourcecode.c.objc; path = main.m; sourceTree = "<group>"; };
		11A5EF971964070E00884A0E /* Fibonacci-Prefix.pch */ = {isa = PBXFileReference; lastKnownFileType = sourcecode.c.h; path = "Fibonacci-Prefix.pch"; sourceTree = "<group>"; };
		11A5EF981964070E00884A0E /* ThesisAppDelegate.h */ = {isa = PBXFileReference; lastKnownFileType = sourcecode.c.h; path = ThesisAppDelegate.h; sourceTree = "<group>"; };
		11A5EF991964070E00884A0E /* ThesisAppDelegate.m */ = {isa = PBXFileReference; lastKnownFileType = sourcecode.c.objc; path = ThesisAppDelegate.m; sourceTree = "<group>"; };
		11A5EF9C1964070E00884A0E /* Base */ = {isa = PBXFileReference; lastKnownFileType = file.storyboard; name = Base; path = Base.lproj/Main.storyboard; sourceTree = "<group>"; };
		11A5EF9E1964070E00884A0E /* ThesisViewController.h */ = {isa = PBXFileReference; lastKnownFileType = sourcecode.c.h; path = ThesisViewController.h; sourceTree = "<group>"; };
		11A5EF9F1964070E00884A0E /* ThesisViewController.m */ = {isa = PBXFileReference; lastKnownFileType = sourcecode.c.objc; path = ThesisViewController.m; sourceTree = "<group>"; };
		11A5EFA11964070E00884A0E /* Images.xcassets */ = {isa = PBXFileReference; lastKnownFileType = folder.assetcatalog; path = Images.xcassets; sourceTree = "<group>"; };
		11A5EFA71964070E00884A0E /* FibonacciTests.xctest */ = {isa = PBXFileReference; explicitFileType = wrapper.cfbundle; includeInIndex = 0; path = FibonacciTests.xctest; sourceTree = BUILT_PRODUCTS_DIR; };
		11A5EFA81964070E00884A0E /* XCTest.framework */ = {isa = PBXFileReference; lastKnownFileType = wrapper.framework; name = XCTest.framework; path = Library/Frameworks/XCTest.framework; sourceTree = DEVELOPER_DIR; };
		11A5EFB01964070E00884A0E /* FibonacciTests-Info.plist */ = {isa = PBXFileReference; lastKnownFileType = text.plist.xml; path = "FibonacciTests-Info.plist"; sourceTree = "<group>"; };
		11A5EFB21964070E00884A0E /* en */ = {isa = PBXFileReference; lastKnownFileType = text.plist.strings; name = en; path = en.lproj/InfoPlist.strings; sourceTree = "<group>"; };
		11A5EFB41964070E00884A0E /* FibonacciTests.m */ = {isa = PBXFileReference; lastKnownFileType = sourcecode.c.objc; path = FibonacciTests.m; sourceTree = "<group>"; };
/* End PBXFileReference section */

/* Begin PBXFrameworksBuildPhase section */
		11A5EF831964070E00884A0E /* Frameworks */ = {
			isa = PBXFrameworksBuildPhase;
			buildActionMask = 2147483647;
			files = (
				11A5EF8C1964070E00884A0E /* CoreGraphics.framework in Frameworks */,
				11A5EF8E1964070E00884A0E /* UIKit.framework in Frameworks */,
				11A5EF8A1964070E00884A0E /* Foundation.framework in Frameworks */,
			);
			runOnlyForDeploymentPostprocessing = 0;
		};
		11A5EFA41964070E00884A0E /* Frameworks */ = {
			isa = PBXFrameworksBuildPhase;
			buildActionMask = 2147483647;
			files = (
				11A5EFA91964070E00884A0E /* XCTest.framework in Frameworks */,
				11A5EFAB1964070E00884A0E /* UIKit.framework in Frameworks */,
				11A5EFAA1964070E00884A0E /* Foundation.framework in Frameworks */,
			);
			runOnlyForDeploymentPostprocessing = 0;
		};
/* End PBXFrameworksBuildPhase section */

/* Begin PBXGroup section */
		11A5EF7D1964070E00884A0E = {
			isa = PBXGroup;
			children = (
				11A5EF8F1964070E00884A0E /* Fibonacci */,
				11A5EFAE1964070E00884A0E /* FibonacciTests */,
				11A5EF881964070E00884A0E /* Frameworks */,
				11A5EF871964070E00884A0E /* Products */,
			);
			sourceTree = "<group>";
		};
		11A5EF871964070E00884A0E /* Products */ = {
			isa = PBXGroup;
			children = (
				11A5EF861964070E00884A0E /* Fibonacci.app */,
				11A5EFA71964070E00884A0E /* FibonacciTests.xctest */,
			);
			name = Products;
			sourceTree = "<group>";
		};
		11A5EF881964070E00884A0E /* Frameworks */ = {
			isa = PBXGroup;
			children = (
				11A5EF891964070E00884A0E /* Foundation.framework */,
				11A5EF8B1964070E00884A0E /* CoreGraphics.framework */,
				11A5EF8D1964070E00884A0E /* UIKit.framework */,
				11A5EFA81964070E00884A0E /* XCTest.framework */,
			);
			name = Frameworks;
			sourceTree = "<group>";
		};
		11A5EF8F1964070E00884A0E /* Fibonacci */ = {
			isa = PBXGroup;
			children = (
				11A5EF981964070E00884A0E /* ThesisAppDelegate.h */,
				11A5EF991964070E00884A0E /* ThesisAppDelegate.m */,
				11A5EF9B1964070E00884A0E /* Main.storyboard */,
				11A5EF9E1964070E00884A0E /* ThesisViewController.h */,
				11A5EF9F1964070E00884A0E /* ThesisViewController.m */,
				11A5EFA11964070E00884A0E /* Images.xcassets */,
				11A5EF901964070E00884A0E /* Supporting Files */,
			);
			path = Fibonacci;
			sourceTree = "<group>";
		};
		11A5EF901964070E00884A0E /* Supporting Files */ = {
			isa = PBXGroup;
			children = (
				11A5EF911964070E00884A0E /* Fibonacci-Info.plist */,
				11A5EF921964070E00884A0E /* InfoPlist.strings */,
				11A5EF951964070E00884A0E /* main.m */,
				11A5EF971964070E00884A0E /* Fibonacci-Prefix.pch */,
			);
			name = "Supporting Files";
			sourceTree = "<group>";
		};
		11A5EFAE1964070E00884A0E /* FibonacciTests */ = {
			isa = PBXGroup;
			children = (
				11A5EFB41964070E00884A0E /* FibonacciTests.m */,
				11A5EFAF1964070E00884A0E /* Supporting Files */,
			);
			path = FibonacciTests;
			sourceTree = "<group>";
		};
		11A5EFAF1964070E00884A0E /* Supporting Files */ = {
			isa = PBXGroup;
			children = (
				11A5EFB01964070E00884A0E /* FibonacciTests-Info.plist */,
				11A5EFB11964070E00884A0E /* InfoPlist.strings */,
			);
			name = "Supporting Files";
			sourceTree = "<group>";
		};
/* End PBXGroup section */

/* Begin PBXNativeTarget section */
		11A5EF851964070E00884A0E /* Fibonacci */ = {
			isa = PBXNativeTarget;
			buildConfigurationList = 11A5EFB81964070E00884A0E /* Build configuration list for PBXNativeTarget "Fibonacci" */;
			buildPhases = (
				11A5EF821964070E00884A0E /* Sources */,
				11A5EF831964070E00884A0E /* Frameworks */,
				11A5EF841964070E00884A0E /* Resources */,
			);
			buildRules = (
			);
			dependencies = (
			);
			name = Fibonacci;
			productName = Fibonacci;
			productReference = 11A5EF861964070E00884A0E /* Fibonacci.app */;
			productType = "com.apple.product-type.application";
		};
		11A5EFA61964070E00884A0E /* FibonacciTests */ = {
			isa = PBXNativeTarget;
			buildConfigurationList = 11A5EFBB1964070E00884A0E /* Build configuration list for PBXNativeTarget "FibonacciTests" */;
			buildPhases = (
				11A5EFA31964070E00884A0E /* Sources */,
				11A5EFA41964070E00884A0E /* Frameworks */,
				11A5EFA51964070E00884A0E /* Resources */,
			);
			buildRules = (
			);
			dependencies = (
				11A5EFAD1964070E00884A0E /* PBXTargetDependency */,
			);
			name = FibonacciTests;
			productName = FibonacciTests;
			productReference = 11A5EFA71964070E00884A0E /* FibonacciTests.xctest */;
			productType = "com.apple.product-type.bundle.unit-test";
		};
/* End PBXNativeTarget section */

/* Begin PBXProject section */
		11A5EF7E1964070E00884A0E /* Project object */ = {
			isa = PBXProject;
			attributes = {
				CLASSPREFIX = Thesis;
				LastUpgradeCheck = 0510;
				ORGANIZATIONNAME = Hribar;
				TargetAttributes = {
					11A5EFA61964070E00884A0E = {
						TestTargetID = 11A5EF851964070E00884A0E;
					};
				};
			};
			buildConfigurationList = 11A5EF811964070E00884A0E /* Build configuration list for PBXProject "Fibonacci" */;
			compatibilityVersion = "Xcode 3.2";
			developmentRegion = English;
			hasScannedForEncodings = 0;
			knownRegions = (
				en,
				Base,
			);
			mainGroup = 11A5EF7D1964070E00884A0E;
			productRefGroup = 11A5EF871964070E00884A0E /* Products */;
			projectDirPath = "";
			projectRoot = "";
			targets = (
				11A5EF851964070E00884A0E /* Fibonacci */,
				11A5EFA61964070E00884A0E /* FibonacciTests */,
			);
		};
/* End PBXProject section */

/* Begin PBXResourcesBuildPhase section */
		11A5EF841964070E00884A0E /* Resources */ = {
			isa = PBXResourcesBuildPhase;
			buildActionMask = 2147483647;
			files = (
				11A5EFA21964070E00884A0E /* Images.xcassets in Resources */,
				11A5EF941964070E00884A0E /* InfoPlist.strings in Resources */,
				11A5EF9D1964070E00884A0E /* Main.storyboard in Resources */,
			);
			runOnlyForDeploymentPostprocessing = 0;
		};
		11A5EFA51964070E00884A0E /* Resources */ = {
			isa = PBXResourcesBuildPhase;
			buildActionMask = 2147483647;
			files = (
				11A5EFB31964070E00884A0E /* InfoPlist.strings in Resources */,
			);
			runOnlyForDeploymentPostprocessing = 0;
		};
/* End PBXResourcesBuildPhase section */

/* Begin PBXSourcesBuildPhase section */
		11A5EF821964070E00884A0E /* Sources */ = {
			isa = PBXSourcesBuildPhase;
			buildActionMask = 2147483647;
			files = (
				11A5EFA01964070E00884A0E /* ThesisViewController.m in Sources */,
				11A5EF9A1964070E00884A0E /* ThesisAppDelegate.m in Sources */,
				11A5EF961964070E00884A0E /* main.m in Sources */,
			);
			runOnlyForDeploymentPostprocessing = 0;
		};
		11A5EFA31964070E00884A0E /* Sources */ = {
			isa = PBXSourcesBuildPhase;
			buildActionMask = 2147483647;
			files = (
				11A5EFB51964070E00884A0E /* FibonacciTests.m in Sources */,
			);
			runOnlyForDeploymentPostprocessing = 0;
		};
/* End PBXSourcesBuildPhase section */

/* Begin PBXTargetDependency section */
		11A5EFAD1964070E00884A0E /* PBXTargetDependency */ = {
			isa = PBXTargetDependency;
			target = 11A5EF851964070E00884A0E /* Fibonacci */;
			targetProxy = 11A5EFAC1964070E00884A0E /* PBXContainerItemProxy */;
		};
/* End PBXTargetDependency section */

/* Begin PBXVariantGroup section */
		11A5EF921964070E00884A0E /* InfoPlist.strings */ = {
			isa = PBXVariantGroup;
			children = (
				11A5EF931964070E00884A0E /* en */,
			);
			name = InfoPlist.strings;
			sourceTree = "<group>";
		};
		11A5EF9B1964070E00884A0E /* Main.storyboard */ = {
			isa = PBXVariantGroup;
			children = (
				11A5EF9C1964070E00884A0E /* Base */,
			);
			name = Main.storyboard;
			sourceTree = "<group>";
		};
		11A5EFB11964070E00884A0E /* InfoPlist.strings */ = {
			isa = PBXVariantGroup;
			children = (
				11A5EFB21964070E00884A0E /* en */,
			);
			name = InfoPlist.strings;
			sourceTree = "<group>";
		};
/* End PBXVariantGroup section */

/* Begin XCBuildConfiguration section */
		11A5EFB61964070E00884A0E /* Debug */ = {
			isa = XCBuildConfiguration;
			buildSettings = {
				ALWAYS_SEARCH_USER_PATHS = NO;
				CLANG_CXX_LANGUAGE_STANDARD = "gnu++0x";
				CLANG_CXX_LIBRARY = "libc++";
				CLANG_ENABLE_MODULES = YES;
				CLANG_ENABLE_OBJC_ARC = YES;
				CLANG_WARN_BOOL_CONVERSION = YES;
				CLANG_WARN_CONSTANT_CONVERSION = YES;
				CLANG_WARN_DIRECT_OBJC_ISA_USAGE = YES_ERROR;
				CLANG_WARN_EMPTY_BODY = YES;
				CLANG_WARN_ENUM_CONVERSION = YES;
				CLANG_WARN_INT_CONVERSION = YES;
				CLANG_WARN_OBJC_ROOT_CLASS = YES_ERROR;
				CLANG_WARN__DUPLICATE_METHOD_MATCH = YES;
				"CODE_SIGN_IDENTITY[sdk=iphoneos*]" = "iPhone Developer";
				COPY_PHASE_STRIP = NO;
				GCC_C_LANGUAGE_STANDARD = gnu99;
				GCC_DYNAMIC_NO_PIC = NO;
				GCC_OPTIMIZATION_LEVEL = 0;
				GCC_PREPROCESSOR_DEFINITIONS = (
					"DEBUG=1",
					"$(inherited)",
				);
				GCC_SYMBOLS_PRIVATE_EXTERN = NO;
				GCC_WARN_64_TO_32_BIT_CONVERSION = YES;
				GCC_WARN_ABOUT_RETURN_TYPE = YES_ERROR;
				GCC_WARN_UNDECLARED_SELECTOR = YES;
				GCC_WARN_UNINITIALIZED_AUTOS = YES_AGGRESSIVE;
				GCC_WARN_UNUSED_FUNCTION = YES;
				GCC_WARN_UNUSED_VARIABLE = YES;
				IPHONEOS_DEPLOYMENT_TARGET = 7.1;
				ONLY_ACTIVE_ARCH = YES;
				SDKROOT = iphoneos;
			};
			name = Debug;
		};
		11A5EFB71964070E00884A0E /* Release */ = {
			isa = XCBuildConfiguration;
			buildSettings = {
				ALWAYS_SEARCH_USER_PATHS = NO;
				CLANG_CXX_LANGUAGE_STANDARD = "gnu++0x";
				CLANG_CXX_LIBRARY = "libc++";
				CLANG_ENABLE_MODULES = YES;
				CLANG_ENABLE_OBJC_ARC = YES;
				CLANG_WARN_BOOL_CONVERSION = YES;
				CLANG_WARN_CONSTANT_CONVERSION = YES;
				CLANG_WARN_DIRECT_OBJC_ISA_USAGE = YES_ERROR;
				CLANG_WARN_EMPTY_BODY = YES;
				CLANG_WARN_ENUM_CONVERSION = YES;
				CLANG_WARN_INT_CONVERSION = YES;
				CLANG_WARN_OBJC_ROOT_CLASS = YES_ERROR;
				CLANG_WARN__DUPLICATE_METHOD_MATCH = YES;
				"CODE_SIGN_IDENTITY[sdk=iphoneos*]" = "iPhone Developer";
				COPY_PHASE_STRIP = YES;
				ENABLE_NS_ASSERTIONS = NO;
				GCC_C_LANGUAGE_STANDARD = gnu99;
				GCC_WARN_64_TO_32_BIT_CONVERSION = YES;
				GCC_WARN_ABOUT_RETURN_TYPE = YES_ERROR;
				GCC_WARN_UNDECLARED_SELECTOR = YES;
				GCC_WARN_UNINITIALIZED_AUTOS = YES_AGGRESSIVE;
				GCC_WARN_UNUSED_FUNCTION = YES;
				GCC_WARN_UNUSED_VARIABLE = YES;
				IPHONEOS_DEPLOYMENT_TARGET = 7.1;
				SDKROOT = iphoneos;
				VALIDATE_PRODUCT = YES;
			};
			name = Release;
		};
		11A5EFB91964070E00884A0E /* Debug */ = {
			isa = XCBuildConfiguration;
			buildSettings = {
				ASSETCATALOG_COMPILER_APPICON_NAME = AppIcon;
				ASSETCATALOG_COMPILER_LAUNCHIMAGE_NAME = LaunchImage;
				GCC_PRECOMPILE_PREFIX_HEADER = YES;
				GCC_PREFIX_HEADER = "Fibonacci/Fibonacci-Prefix.pch";
				INFOPLIST_FILE = "Fibonacci/Fibonacci-Info.plist";
				PRODUCT_NAME = "$(TARGET_NAME)";
				WRAPPER_EXTENSION = app;
			};
			name = Debug;
		};
		11A5EFBA1964070E00884A0E /* Release */ = {
			isa = XCBuildConfiguration;
			buildSettings = {
				ASSETCATALOG_COMPILER_APPICON_NAME = AppIcon;
				ASSETCATALOG_COMPILER_LAUNCHIMAGE_NAME = LaunchImage;
				GCC_PRECOMPILE_PREFIX_HEADER = YES;
				GCC_PREFIX_HEADER = "Fibonacci/Fibonacci-Prefix.pch";
				INFOPLIST_FILE = "Fibonacci/Fibonacci-Info.plist";
				PRODUCT_NAME = "$(TARGET_NAME)";
				WRAPPER_EXTENSION = app;
			};
			name = Release;
		};
		11A5EFBC1964070E00884A0E /* Debug */ = {
			isa = XCBuildConfiguration;
			buildSettings = {
				BUNDLE_LOADER = "$(BUILT_PRODUCTS_DIR)/Fibonacci.app/Fibonacci";
				FRAMEWORK_SEARCH_PATHS = (
					"$(SDKROOT)/Developer/Library/Frameworks",
					"$(inherited)",
					"$(DEVELOPER_FRAMEWORKS_DIR)",
				);
				GCC_PRECOMPILE_PREFIX_HEADER = YES;
				GCC_PREFIX_HEADER = "Fibonacci/Fibonacci-Prefix.pch";
				GCC_PREPROCESSOR_DEFINITIONS = (
					"DEBUG=1",
					"$(inherited)",
				);
				INFOPLIST_FILE = "FibonacciTests/FibonacciTests-Info.plist";
				PRODUCT_NAME = "$(TARGET_NAME)";
				TEST_HOST = "$(BUNDLE_LOADER)";
				WRAPPER_EXTENSION = xctest;
			};
			name = Debug;
		};
		11A5EFBD1964070E00884A0E /* Release */ = {
			isa = XCBuildConfiguration;
			buildSettings = {
				BUNDLE_LOADER = "$(BUILT_PRODUCTS_DIR)/Fibonacci.app/Fibonacci";
				FRAMEWORK_SEARCH_PATHS = (
					"$(SDKROOT)/Developer/Library/Frameworks",
					"$(inherited)",
					"$(DEVELOPER_FRAMEWORKS_DIR)",
				);
				GCC_PRECOMPILE_PREFIX_HEADER = YES;
				GCC_PREFIX_HEADER = "Fibonacci/Fibonacci-Prefix.pch";
				INFOPLIST_FILE = "FibonacciTests/FibonacciTests-Info.plist";
				PRODUCT_NAME = "$(TARGET_NAME)";
				TEST_HOST = "$(BUNDLE_LOADER)";
				WRAPPER_EXTENSION = xctest;
			};
			name = Release;
		};
/* End XCBuildConfiguration section */

/* Begin XCConfigurationList section */
		11A5EF811964070E00884A0E /* Build configuration list for PBXProject "Fibonacci" */ = {
			isa = XCConfigurationList;
			buildConfigurations = (
				11A5EFB61964070E00884A0E /* Debug */,
				11A5EFB71964070E00884A0E /* Release */,
			);
			defaultConfigurationIsVisible = 0;
			defaultConfigurationName = Release;
		};
		11A5EFB81964070E00884A0E /* Build configuration list for PBXNativeTarget "Fibonacci" */ = {
			isa = XCConfigurationList;
			buildConfigurations = (
				11A5EFB91964070E00884A0E /* Debug */,
				11A5EFBA1964070E00884A0E /* Release */,
			);
			defaultConfigurationIsVisible = 0;
		};
		11A5EFBB1964070E00884A0E /* Build configuration list for PBXNativeTarget "FibonacciTests" */ = {
			isa = XCConfigurationList;
			buildConfigurations = (
				11A5EFBC1964070E00884A0E /* Debug */,
				11A5EFBD1964070E00884A0E /* Release */,
			);
			defaultConfigurationIsVisible = 0;
		};
/* End XCConfigurationList section */
	};
	rootObject = 11A5EF7E1964070E00884A0E /* Project object */;
}
